
Microsoft Visual Studio Solution File, Format Version 12.00
# Visual Studio Version 17
VisualStudioVersion = 17.0.31903.59
MinimumVisualStudioVersion = 10.0.40219.1
Project("{2150E333-8FDC-42A3-9474-1A3956D46DE8}") = "src", "src", "{827E0CD3-B72D-47B6-A68D-7590B98EB39B}"
EndProject
Project("{FAE04EC0-301F-11D3-BF4B-00C04F79EFBC}") = "Cim.Core", "src\Cim.Core\Cim.Core.csproj", "{CA855249-DD46-40EA-8972-30F1F3B05E6B}"
EndProject
Project("{FAE04EC0-301F-11D3-BF4B-00C04F79EFBC}") = "Cim.GrpcContracts", "src\Cim.GrpcContracts\Cim.GrpcContracts.csproj", "{05930165-53BC-4BFE-85FF-32A8C5E10845}"
EndProject
Project("{FAE04EC0-301F-11D3-BF4B-00C04F79EFBC}") = "Cim.MasterService", "src\Cim.MasterService\Cim.MasterService.csproj", "{F6652D9D-7EA6-4CDA-9F5E-0F59F288F702}"
EndProject
Project("{FAE04EC0-301F-11D3-BF4B-00C04F79EFBC}") = "Cim.AgentService", "src\Cim.AgentService\Cim.AgentService.csproj", "{668C8D1E-6554-47C1-86E0-BB99729925E8}"
EndProject
Project("{FAE04EC0-301F-11D3-BF4B-00C04F79EFBC}") = "Cim.DeviceConnector", "src\Cim.DeviceConnector\Cim.DeviceConnector.csproj", "{DCEDD64B-319F-457C-A478-A07A7166EDA5}"
EndProject
Project("{FAE04EC0-301F-11D3-BF4B-00C04F79EFBC}") = "Cim.EventProcessor", "src\Cim.EventProcessor\Cim.EventProcessor.csproj", "{E67DD72B-A4AD-4FD1-B1CC-DDD2A7F0EA62}"
EndProject
Global
	GlobalSection(SolutionConfigurationPlatforms) = preSolution
		Debug|Any CPU = Debug|Any CPU
		Debug|x64 = Debug|x64
		Debug|x86 = Debug|x86
		Release|Any CPU = Release|Any CPU
		Release|x64 = Release|x64
		Release|x86 = Release|x86
	EndGlobalSection
	GlobalSection(ProjectConfigurationPlatforms) = postSolution
		{CA855249-DD46-40EA-8972-30F1F3B05E6B}.Debug|Any CPU.ActiveCfg = Debug|Any CPU
		{CA855249-DD46-40EA-8972-30F1F3B05E6B}.Debug|Any CPU.Build.0 = Debug|Any CPU
		{CA855249-DD46-40EA-8972-30F1F3B05E6B}.Debug|x64.ActiveCfg = Debug|Any CPU
		{CA855249-DD46-40EA-8972-30F1F3B05E6B}.Debug|x64.Build.0 = Debug|Any CPU
		{CA855249-DD46-40EA-8972-30F1F3B05E6B}.Debug|x86.ActiveCfg = Debug|Any CPU
		{CA855249-DD46-40EA-8972-30F1F3B05E6B}.Debug|x86.Build.0 = Debug|Any CPU
		{CA855249-DD46-40EA-8972-30F1F3B05E6B}.Release|Any CPU.ActiveCfg = Release|Any CPU
		{CA855249-DD46-40EA-8972-30F1F3B05E6B}.Release|Any CPU.Build.0 = Release|Any CPU
		{CA855249-DD46-40EA-8972-30F1F3B05E6B}.Release|x64.ActiveCfg = Release|Any CPU
		{CA855249-DD46-40EA-8972-30F1F3B05E6B}.Release|x64.Build.0 = Release|Any CPU
		{CA855249-DD46-40EA-8972-30F1F3B05E6B}.Release|x86.ActiveCfg = Release|Any CPU
		{CA855249-DD46-40EA-8972-30F1F3B05E6B}.Release|x86.Build.0 = Release|Any CPU
		{05930165-53BC-4BFE-85FF-32A8C5E10845}.Debug|Any CPU.ActiveCfg = Debug|Any CPU
		{05930165-53BC-4BFE-85FF-32A8C5E10845}.Debug|Any CPU.Build.0 = Debug|Any CPU
		{05930165-53BC-4BFE-85FF-32A8C5E10845}.Debug|x64.ActiveCfg = Debug|Any CPU
		{05930165-53BC-4BFE-85FF-32A8C5E10845}.Debug|x64.Build.0 = Debug|Any CPU
		{05930165-53BC-4BFE-85FF-32A8C5E10845}.Debug|x86.ActiveCfg = Debug|Any CPU
		{05930165-53BC-4BFE-85FF-32A8C5E10845}.Debug|x86.Build.0 = Debug|Any CPU
		{05930165-53BC-4BFE-85FF-32A8C5E10845}.Release|Any CPU.ActiveCfg = Release|Any CPU
		{05930165-53BC-4BFE-85FF-32A8C5E10845}.Release|Any CPU.Build.0 = Release|Any CPU
		{05930165-53BC-4BFE-85FF-32A8C5E10845}.Release|x64.ActiveCfg = Release|Any CPU
		{05930165-53BC-4BFE-85FF-32A8C5E10845}.Release|x64.Build.0 = Release|Any CPU
		{05930165-53BC-4BFE-85FF-32A8C5E10845}.Release|x86.ActiveCfg = Release|Any CPU
		{05930165-53BC-4BFE-85FF-32A8C5E10845}.Release|x86.Build.0 = Release|Any CPU
		{F6652D9D-7EA6-4CDA-9F5E-0F59F288F702}.Debug|Any CPU.ActiveCfg = Debug|Any CPU
		{F6652D9D-7EA6-4CDA-9F5E-0F59F288F702}.Debug|Any CPU.Build.0 = Debug|Any CPU
		{F6652D9D-7EA6-4CDA-9F5E-0F59F288F702}.Debug|x64.ActiveCfg = Debug|Any CPU
		{F6652D9D-7EA6-4CDA-9F5E-0F59F288F702}.Debug|x64.Build.0 = Debug|Any CPU
		{F6652D9D-7EA6-4CDA-9F5E-0F59F288F702}.Debug|x86.ActiveCfg = Debug|Any CPU
		{F6652D9D-7EA6-4CDA-9F5E-0F59F288F702}.Debug|x86.Build.0 = Debug|Any CPU
		{F6652D9D-7EA6-4CDA-9F5E-0F59F288F702}.Release|Any CPU.ActiveCfg = Release|Any CPU
		{F6652D9D-7EA6-4CDA-9F5E-0F59F288F702}.Release|Any CPU.Build.0 = Release|Any CPU
		{F6652D9D-7EA6-4CDA-9F5E-0F59F288F702}.Release|x64.ActiveCfg = Release|Any CPU
		{F6652D9D-7EA6-4CDA-9F5E-0F59F288F702}.Release|x64.Build.0 = Release|Any CPU
		{F6652D9D-7EA6-4CDA-9F5E-0F59F288F702}.Release|x86.ActiveCfg = Release|Any CPU
		{F6652D9D-7EA6-4CDA-9F5E-0F59F288F702}.Release|x86.Build.0 = Release|Any CPU
		{668C8D1E-6554-47C1-86E0-BB99729925E8}.Debug|Any CPU.ActiveCfg = Debug|Any CPU
		{668C8D1E-6554-47C1-86E0-BB99729925E8}.Debug|Any CPU.Build.0 = Debug|Any CPU
		{668C8D1E-6554-47C1-86E0-BB99729925E8}.Debug|x64.ActiveCfg = Debug|Any CPU
		{668C8D1E-6554-47C1-86E0-BB99729925E8}.Debug|x64.Build.0 = Debug|Any CPU
		{668C8D1E-6554-47C1-86E0-BB99729925E8}.Debug|x86.ActiveCfg = Debug|Any CPU
		{668C8D1E-6554-47C1-86E0-BB99729925E8}.Debug|x86.Build.0 = Debug|Any CPU
		{668C8D1E-6554-47C1-86E0-BB99729925E8}.Release|Any CPU.ActiveCfg = Release|Any CPU
		{668C8D1E-6554-47C1-86E0-BB99729925E8}.Release|Any CPU.Build.0 = Release|Any CPU
		{668C8D1E-6554-47C1-86E0-BB99729925E8}.Release|x64.ActiveCfg = Release|Any CPU
		{668C8D1E-6554-47C1-86E0-BB99729925E8}.Release|x64.Build.0 = Release|Any CPU
		{668C8D1E-6554-47C1-86E0-BB99729925E8}.Release|x86.ActiveCfg = Release|Any CPU
		{668C8D1E-6554-47C1-86E0-BB99729925E8}.Release|x86.Build.0 = Release|Any CPU
		{DCEDD64B-319F-457C-A478-A07A7166EDA5}.Debug|Any CPU.ActiveCfg = Debug|Any CPU
		{DCEDD64B-319F-457C-A478-A07A7166EDA5}.Debug|Any CPU.Build.0 = Debug|Any CPU
		{DCEDD64B-319F-457C-A478-A07A7166EDA5}.Debug|x64.ActiveCfg = Debug|Any CPU
		{DCEDD64B-319F-457C-A478-A07A7166EDA5}.Debug|x64.Build.0 = Debug|Any CPU
		{DCEDD64B-319F-457C-A478-A07A7166EDA5}.Debug|x86.ActiveCfg = Debug|Any CPU
		{DCEDD64B-319F-457C-A478-A07A7166EDA5}.Debug|x86.Build.0 = Debug|Any CPU
		{DCEDD64B-319F-457C-A478-A07A7166EDA5}.Release|Any CPU.ActiveCfg = Release|Any CPU
		{DCEDD64B-319F-457C-A478-A07A7166EDA5}.Release|Any CPU.Build.0 = Release|Any CPU
		{DCEDD64B-319F-457C-A478-A07A7166EDA5}.Release|x64.ActiveCfg = Release|Any CPU
		{DCEDD64B-319F-457C-A478-A07A7166EDA5}.Release|x64.Build.0 = Release|Any CPU
		{DCEDD64B-319F-457C-A478-A07A7166EDA5}.Release|x86.ActiveCfg = Release|Any CPU
		{DCEDD64B-319F-457C-A478-A07A7166EDA5}.Release|x86.Build.0 = Release|Any CPU
		{E67DD72B-A4AD-4FD1-B1CC-DDD2A7F0EA62}.Debug|Any CPU.ActiveCfg = Debug|Any CPU
		{E67DD72B-A4AD-4FD1-B1CC-DDD2A7F0EA62}.Debug|Any CPU.Build.0 = Debug|Any CPU
		{E67DD72B-A4AD-4FD1-B1CC-DDD2A7F0EA62}.Debug|x64.ActiveCfg = Debug|Any CPU
		{E67DD72B-A4AD-4FD1-B1CC-DDD2A7F0EA62}.Debug|x64.Build.0 = Debug|Any CPU
		{E67DD72B-A4AD-4FD1-B1CC-DDD2A7F0EA62}.Debug|x86.ActiveCfg = Debug|Any CPU
		{E67DD72B-A4AD-4FD1-B1CC-DDD2A7F0EA62}.Debug|x86.Build.0 = Debug|Any CPU
		{E67DD72B-A4AD-4FD1-B1CC-DDD2A7F0EA62}.Release|Any CPU.ActiveCfg = Release|Any CPU
		{E67DD72B-A4AD-4FD1-B1CC-DDD2A7F0EA62}.Release|Any CPU.Build.0 = Release|Any CPU
		{E67DD72B-A4AD-4FD1-B1CC-DDD2A7F0EA62}.Release|x64.ActiveCfg = Release|Any CPU
		{E67DD72B-A4AD-4FD1-B1CC-DDD2A7F0EA62}.Release|x64.Build.0 = Release|Any CPU
		{E67DD72B-A4AD-4FD1-B1CC-DDD2A7F0EA62}.Release|x86.ActiveCfg = Release|Any CPU
		{E67DD72B-A4AD-4FD1-B1CC-DDD2A7F0EA62}.Release|x86.Build.0 = Release|Any CPU
	EndGlobalSection
	GlobalSection(SolutionProperties) = preSolution
		HideSolutionNode = FALSE
	EndGlobalSection
	GlobalSection(NestedProjects) = preSolution
		{CA855249-DD46-40EA-8972-30F1F3B05E6B} = {827E0CD3-B72D-47B6-A68D-7590B98EB39B}
		{05930165-53BC-4BFE-85FF-32A8C5E10845} = {827E0CD3-B72D-47B6-A68D-7590B98EB39B}
		{F6652D9D-7EA6-4CDA-9F5E-0F59F288F702} = {827E0CD3-B72D-47B6-A68D-7590B98EB39B}
		{668C8D1E-6554-47C1-86E0-BB99729925E8} = {827E0CD3-B72D-47B6-A68D-7590B98EB39B}
		{DCEDD64B-319F-457C-A478-A07A7166EDA5} = {827E0CD3-B72D-47B6-A68D-7590B98EB39B}
		{E67DD72B-A4AD-4FD1-B1CC-DDD2A7F0EA62} = {827E0CD3-B72D-47B6-A68D-7590B98EB39B}
	EndGlobalSection
EndGlobal
